
Microsoft Visual Studio Solution File, Format Version 12.00
# Visual Studio Version 17
VisualStudioVersion = 17.5.2.0
MinimumVisualStudioVersion = 10.0.40219.1
Project("{FAE04EC0-301F-11D3-BF4B-00C04F79EFBC}") = "cosmosofflinewithLCC", "cosmosofflinewithLCC\cosmosofflinewithLCC.csproj", "{422ADEC0-4715-A4DE-8FAE-A73911BBAA28}"
EndProject
Project("{2150E333-8FDC-42A3-9474-1A3956D46DE8}") = "tests", "tests", "{0AB3BF05-4346-4AA6-1389-037BE0695223}"
EndProject
Project("{FAE04EC0-301F-11D3-BF4B-00C04F79EFBC}") = "cosmosofflinewithLCC.Tests", "tests\cosmosofflinewithLCC.Tests\cosmosofflinewithLCC.Tests.csproj", "{7E322396-8BE1-4BBB-AF67-13E5E5527D93}"
EndProject
Project("{FAE04EC0-301F-11D3-BF4B-00C04F79EFBC}") = "cosmosofflinewithLCC.IntegrationTests", "tests\cosmosofflinewithLCC.IntegrationTests\cosmosofflinewithLCC.IntegrationTests.csproj", "{9C597D42-221F-4C98-B382-075FC8009AF5}"
EndProject
Project("{FAE04EC0-301F-11D3-BF4B-00C04F79EFBC}") = "RemotComsosTokenGenerator", "RemotComsosTokenGenerator\RemotComsosTokenGenerator.csproj", "{519D30BB-3A92-4326-A19E-6341A32ADE2F}"
EndProject
Global
	GlobalSection(SolutionConfigurationPlatforms) = preSolution
		Debug|Any CPU = Debug|Any CPU
		Debug|x64 = Debug|x64
		Debug|x86 = Debug|x86
		Release|Any CPU = Release|Any CPU
		Release|x64 = Release|x64
		Release|x86 = Release|x86
	EndGlobalSection
	GlobalSection(ProjectConfigurationPlatforms) = postSolution
		{422ADEC0-4715-A4DE-8FAE-A73911BBAA28}.Debug|Any CPU.ActiveCfg = Debug|Any CPU
		{422ADEC0-4715-A4DE-8FAE-A73911BBAA28}.Debug|Any CPU.Build.0 = Debug|Any CPU
		{422ADEC0-4715-A4DE-8FAE-A73911BBAA28}.Debug|x64.ActiveCfg = Debug|Any CPU
		{422ADEC0-4715-A4DE-8FAE-A73911BBAA28}.Debug|x64.Build.0 = Debug|Any CPU
		{422ADEC0-4715-A4DE-8FAE-A73911BBAA28}.Debug|x86.ActiveCfg = Debug|Any CPU
		{422ADEC0-4715-A4DE-8FAE-A73911BBAA28}.Debug|x86.Build.0 = Debug|Any CPU
		{422ADEC0-4715-A4DE-8FAE-A73911BBAA28}.Release|Any CPU.ActiveCfg = Release|Any CPU
		{422ADEC0-4715-A4DE-8FAE-A73911BBAA28}.Release|Any CPU.Build.0 = Release|Any CPU
		{422ADEC0-4715-A4DE-8FAE-A73911BBAA28}.Release|x64.ActiveCfg = Release|Any CPU
		{422ADEC0-4715-A4DE-8FAE-A73911BBAA28}.Release|x64.Build.0 = Release|Any CPU
		{422ADEC0-4715-A4DE-8FAE-A73911BBAA28}.Release|x86.ActiveCfg = Release|Any CPU
		{422ADEC0-4715-A4DE-8FAE-A73911BBAA28}.Release|x86.Build.0 = Release|Any CPU
		{7E322396-8BE1-4BBB-AF67-13E5E5527D93}.Debug|Any CPU.ActiveCfg = Debug|Any CPU
		{7E322396-8BE1-4BBB-AF67-13E5E5527D93}.Debug|Any CPU.Build.0 = Debug|Any CPU
		{7E322396-8BE1-4BBB-AF67-13E5E5527D93}.Debug|x64.ActiveCfg = Debug|Any CPU
		{7E322396-8BE1-4BBB-AF67-13E5E5527D93}.Debug|x64.Build.0 = Debug|Any CPU
		{7E322396-8BE1-4BBB-AF67-13E5E5527D93}.Debug|x86.ActiveCfg = Debug|Any CPU
		{7E322396-8BE1-4BBB-AF67-13E5E5527D93}.Debug|x86.Build.0 = Debug|Any CPU
		{7E322396-8BE1-4BBB-AF67-13E5E5527D93}.Release|Any CPU.ActiveCfg = Release|Any CPU
		{7E322396-8BE1-4BBB-AF67-13E5E5527D93}.Release|Any CPU.Build.0 = Release|Any CPU
		{7E322396-8BE1-4BBB-AF67-13E5E5527D93}.Release|x64.ActiveCfg = Release|Any CPU
		{7E322396-8BE1-4BBB-AF67-13E5E5527D93}.Release|x64.Build.0 = Release|Any CPU
		{7E322396-8BE1-4BBB-AF67-13E5E5527D93}.Release|x86.ActiveCfg = Release|Any CPU
		{7E322396-8BE1-4BBB-AF67-13E5E5527D93}.Release|x86.Build.0 = Release|Any CPU
		{9C597D42-221F-4C98-B382-075FC8009AF5}.Debug|Any CPU.ActiveCfg = Debug|Any CPU
		{9C597D42-221F-4C98-B382-075FC8009AF5}.Debug|Any CPU.Build.0 = Debug|Any CPU
		{9C597D42-221F-4C98-B382-075FC8009AF5}.Debug|x64.ActiveCfg = Debug|Any CPU
		{9C597D42-221F-4C98-B382-075FC8009AF5}.Debug|x64.Build.0 = Debug|Any CPU
		{9C597D42-221F-4C98-B382-075FC8009AF5}.Debug|x86.ActiveCfg = Debug|Any CPU
		{9C597D42-221F-4C98-B382-075FC8009AF5}.Debug|x86.Build.0 = Debug|Any CPU
		{9C597D42-221F-4C98-B382-075FC8009AF5}.Release|Any CPU.ActiveCfg = Release|Any CPU
		{9C597D42-221F-4C98-B382-075FC8009AF5}.Release|Any CPU.Build.0 = Release|Any CPU
		{9C597D42-221F-4C98-B382-075FC8009AF5}.Release|x64.ActiveCfg = Release|Any CPU
		{9C597D42-221F-4C98-B382-075FC8009AF5}.Release|x64.Build.0 = Release|Any CPU
		{9C597D42-221F-4C98-B382-075FC8009AF5}.Release|x86.ActiveCfg = Release|Any CPU
		{9C597D42-221F-4C98-B382-075FC8009AF5}.Release|x86.Build.0 = Release|Any CPU
		{519D30BB-3A92-4326-A19E-6341A32ADE2F}.Debug|Any CPU.ActiveCfg = Debug|Any CPU
		{519D30BB-3A92-4326-A19E-6341A32ADE2F}.Debug|Any CPU.Build.0 = Debug|Any CPU
		{519D30BB-3A92-4326-A19E-6341A32ADE2F}.Debug|x64.ActiveCfg = Debug|Any CPU
		{519D30BB-3A92-4326-A19E-6341A32ADE2F}.Debug|x64.Build.0 = Debug|Any CPU
		{519D30BB-3A92-4326-A19E-6341A32ADE2F}.Debug|x86.ActiveCfg = Debug|Any CPU
		{519D30BB-3A92-4326-A19E-6341A32ADE2F}.Debug|x86.Build.0 = Debug|Any CPU
		{519D30BB-3A92-4326-A19E-6341A32ADE2F}.Release|Any CPU.ActiveCfg = Release|Any CPU
		{519D30BB-3A92-4326-A19E-6341A32ADE2F}.Release|Any CPU.Build.0 = Release|Any CPU
		{519D30BB-3A92-4326-A19E-6341A32ADE2F}.Release|x64.ActiveCfg = Release|Any CPU
		{519D30BB-3A92-4326-A19E-6341A32ADE2F}.Release|x64.Build.0 = Release|Any CPU
		{519D30BB-3A92-4326-A19E-6341A32ADE2F}.Release|x86.ActiveCfg = Release|Any CPU
		{519D30BB-3A92-4326-A19E-6341A32ADE2F}.Release|x86.Build.0 = Release|Any CPU
	EndGlobalSection
	GlobalSection(SolutionProperties) = preSolution
		HideSolutionNode = FALSE
	EndGlobalSection
	GlobalSection(NestedProjects) = preSolution
		{7E322396-8BE1-4BBB-AF67-13E5E5527D93} = {0AB3BF05-4346-4AA6-1389-037BE0695223}
		{9C597D42-221F-4C98-B382-075FC8009AF5} = {0AB3BF05-4346-4AA6-1389-037BE0695223}
	EndGlobalSection
	GlobalSection(ExtensibilityGlobals) = postSolution
		SolutionGuid = {D842E969-34D0-4E4B-BBAF-723009D15377}
	EndGlobalSection
EndGlobal
